
Microsoft Visual Studio Solution File, Format Version 12.00
# Visual Studio Version 17
VisualStudioVersion = 17.11.35327.3
MinimumVisualStudioVersion = 10.0.40219.1
Project("{FAE04EC0-301F-11D3-BF4B-00C04F79EFBC}") = "Transportes 3 capas gen 12", "Transportes 3 capas gen 12.csproj", "{7C6C3C32-099A-42F1-B641-1FC22EC04978}"
EndProject
Project("{FAE04EC0-301F-11D3-BF4B-00C04F79EFBC}") = "DAL", "DAL\DAL.csproj", "{C024BA98-ED86-4E48-8974-44C9B27CDB78}"
EndProject
Project("{FAE04EC0-301F-11D3-BF4B-00C04F79EFBC}") = "VO", "VO\VO.csproj", "{A38E91E1-A2EB-445E-A69A-B56ABD18CAE0}"
EndProject
Global
	GlobalSection(SolutionConfigurationPlatforms) = preSolution
		Debug|Any CPU = Debug|Any CPU
		Release|Any CPU = Release|Any CPU
	EndGlobalSection
	GlobalSection(ProjectConfigurationPlatforms) = postSolution
		{7C6C3C32-099A-42F1-B641-1FC22EC04978}.Debug|Any CPU.ActiveCfg = Debug|Any CPU
		{7C6C3C32-099A-42F1-B641-1FC22EC04978}.Debug|Any CPU.Build.0 = Debug|Any CPU
		{7C6C3C32-099A-42F1-B641-1FC22EC04978}.Release|Any CPU.ActiveCfg = Release|Any CPU
		{7C6C3C32-099A-42F1-B641-1FC22EC04978}.Release|Any CPU.Build.0 = Release|Any CPU
		{C024BA98-ED86-4E48-8974-44C9B27CDB78}.Debug|Any CPU.ActiveCfg = Debug|Any CPU
		{C024BA98-ED86-4E48-8974-44C9B27CDB78}.Debug|Any CPU.Build.0 = Debug|Any CPU
		{C024BA98-ED86-4E48-8974-44C9B27CDB78}.Release|Any CPU.ActiveCfg = Release|Any CPU
		{C024BA98-ED86-4E48-8974-44C9B27CDB78}.Release|Any CPU.Build.0 = Release|Any CPU
		{A38E91E1-A2EB-445E-A69A-B56ABD18CAE0}.Debug|Any CPU.ActiveCfg = Debug|Any CPU
		{A38E91E1-A2EB-445E-A69A-B56ABD18CAE0}.Debug|Any CPU.Build.0 = Debug|Any CPU
		{A38E91E1-A2EB-445E-A69A-B56ABD18CAE0}.Release|Any CPU.ActiveCfg = Release|Any CPU
		{A38E91E1-A2EB-445E-A69A-B56ABD18CAE0}.Release|Any CPU.Build.0 = Release|Any CPU
	EndGlobalSection
	GlobalSection(SolutionProperties) = preSolution
		HideSolutionNode = FALSE
	EndGlobalSection
	GlobalSection(ExtensibilityGlobals) = postSolution
		SolutionGuid = {37524962-447D-48E7-B186-6A4540834359}
	EndGlobalSection
EndGlobal
